
Microsoft Visual Studio Solution File, Format Version 12.00
# Visual Studio Version 16
VisualStudioVersion = 16.0.29728.190
MinimumVisualStudioVersion = 10.0.40219.1
Project("{FAE04EC0-301F-11D3-BF4B-00C04F79EFBC}") = "MPGCalculator", "MPGCalculator\MPGCalculator.csproj", "{F5AD0F74-E659-43D3-8B96-6677FBC5A42B}"
EndProject
Project("{FAE04EC0-301F-11D3-BF4B-00C04F79EFBC}") = "MPGCalculatorTest", "MPGCalculatorTest\MPGCalculatorTest.csproj", "{22F9CA51-65EA-4E15-8F54-1E77AF792A8E}"
EndProject
Global
	GlobalSection(SolutionConfigurationPlatforms) = preSolution
		Debug|Any CPU = Debug|Any CPU
		Release|Any CPU = Release|Any CPU
	EndGlobalSection
	GlobalSection(ProjectConfigurationPlatforms) = postSolution
		{F5AD0F74-E659-43D3-8B96-6677FBC5A42B}.Debug|Any CPU.ActiveCfg = Debug|Any CPU
		{F5AD0F74-E659-43D3-8B96-6677FBC5A42B}.Debug|Any CPU.Build.0 = Debug|Any CPU
		{F5AD0F74-E659-43D3-8B96-6677FBC5A42B}.Release|Any CPU.ActiveCfg = Release|Any CPU
		{F5AD0F74-E659-43D3-8B96-6677FBC5A42B}.Release|Any CPU.Build.0 = Release|Any CPU
		{22F9CA51-65EA-4E15-8F54-1E77AF792A8E}.Debug|Any CPU.ActiveCfg = Debug|Any CPU
		{22F9CA51-65EA-4E15-8F54-1E77AF792A8E}.Debug|Any CPU.Build.0 = Debug|Any CPU
		{22F9CA51-65EA-4E15-8F54-1E77AF792A8E}.Release|Any CPU.ActiveCfg = Release|Any CPU
		{22F9CA51-65EA-4E15-8F54-1E77AF792A8E}.Release|Any CPU.Build.0 = Release|Any CPU
	EndGlobalSection
	GlobalSection(SolutionProperties) = preSolution
		HideSolutionNode = FALSE
	EndGlobalSection
	GlobalSection(ExtensibilityGlobals) = postSolution
		SolutionGuid = {431DD182-8268-4C29-852C-3019B290B93D}
	EndGlobalSection
EndGlobal
