
Microsoft Visual Studio Solution File, Format Version 12.00
# Visual Studio Version 16
VisualStudioVersion = 16.0.30717.126
MinimumVisualStudioVersion = 10.0.40219.1
Project("{FAE04EC0-301F-11D3-BF4B-00C04F79EFBC}") = "Calculator", "Calculator\Calculator.csproj", "{DC3FF059-EC6D-45D1-B91E-75EC5AD311A0}"
EndProject
Project("{FAE04EC0-301F-11D3-BF4B-00C04F79EFBC}") = "CalculatorTests", "CalculatorTests\CalculatorTests.csproj", "{6D707E9F-5CF4-4BC9-81C9-7F8313999E55}"
EndProject
Global
	GlobalSection(SolutionConfigurationPlatforms) = preSolution
		Debug|Any CPU = Debug|Any CPU
		Release|Any CPU = Release|Any CPU
	EndGlobalSection
	GlobalSection(ProjectConfigurationPlatforms) = postSolution
		{DC3FF059-EC6D-45D1-B91E-75EC5AD311A0}.Debug|Any CPU.ActiveCfg = Debug|Any CPU
		{DC3FF059-EC6D-45D1-B91E-75EC5AD311A0}.Debug|Any CPU.Build.0 = Debug|Any CPU
		{DC3FF059-EC6D-45D1-B91E-75EC5AD311A0}.Release|Any CPU.ActiveCfg = Release|Any CPU
		{DC3FF059-EC6D-45D1-B91E-75EC5AD311A0}.Release|Any CPU.Build.0 = Release|Any CPU
		{6D707E9F-5CF4-4BC9-81C9-7F8313999E55}.Debug|Any CPU.ActiveCfg = Debug|Any CPU
		{6D707E9F-5CF4-4BC9-81C9-7F8313999E55}.Debug|Any CPU.Build.0 = Debug|Any CPU
		{6D707E9F-5CF4-4BC9-81C9-7F8313999E55}.Release|Any CPU.ActiveCfg = Release|Any CPU
		{6D707E9F-5CF4-4BC9-81C9-7F8313999E55}.Release|Any CPU.Build.0 = Release|Any CPU
	EndGlobalSection
	GlobalSection(SolutionProperties) = preSolution
		HideSolutionNode = FALSE
	EndGlobalSection
	GlobalSection(ExtensibilityGlobals) = postSolution
		SolutionGuid = {727405D3-F4D1-49B2-871B-CB6E445B954F}
	EndGlobalSection
EndGlobal
